// !$*UTF8*$!
{
	archiveVersion = 1;
	classes = {
	};
	objectVersion = 46;
	objects = {

/* Begin PBXBuildFile section */
		4836255819AEEAE700E18A4A /* FACEBOOK-ObjectGraph-Guide.png in Resources */ = {isa = PBXBuildFile; fileRef = 4836255719AEEAE700E18A4A /* FACEBOOK-ObjectGraph-Guide.png */; };
		4836255B19AEF25800E18A4A /* SocialPluginViewController.m in Sources */ = {isa = PBXBuildFile; fileRef = 4836255A19AEF25800E18A4A /* SocialPluginViewController.m */; };
		48A7E7DA19AAE5B8000A90B8 /* Foundation.framework in Frameworks */ = {isa = PBXBuildFile; fileRef = 48A7E7D919AAE5B8000A90B8 /* Foundation.framework */; };
		48A7E7DC19AAE5B8000A90B8 /* CoreGraphics.framework in Frameworks */ = {isa = PBXBuildFile; fileRef = 48A7E7DB19AAE5B8000A90B8 /* CoreGraphics.framework */; };
		48A7E7DE19AAE5B8000A90B8 /* UIKit.framework in Frameworks */ = {isa = PBXBuildFile; fileRef = 48A7E7DD19AAE5B8000A90B8 /* UIKit.framework */; };
		48A7E7E419AAE5B8000A90B8 /* InfoPlist.strings in Resources */ = {isa = PBXBuildFile; fileRef = 48A7E7E219AAE5B8000A90B8 /* InfoPlist.strings */; };
		48A7E7E619AAE5B8000A90B8 /* main.m in Sources */ = {isa = PBXBuildFile; fileRef = 48A7E7E519AAE5B8000A90B8 /* main.m */; };
		48A7E7EA19AAE5B8000A90B8 /* AppDelegate.m in Sources */ = {isa = PBXBuildFile; fileRef = 48A7E7E919AAE5B8000A90B8 /* AppDelegate.m */; };
		48A7E7ED19AAE5B8000A90B8 /* Main.storyboard in Resources */ = {isa = PBXBuildFile; fileRef = 48A7E7EB19AAE5B8000A90B8 /* Main.storyboard */; };
		48A7E7F019AAE5B8000A90B8 /* ViewController.m in Sources */ = {isa = PBXBuildFile; fileRef = 48A7E7EF19AAE5B8000A90B8 /* ViewController.m */; };
		48A7E7F219AAE5B8000A90B8 /* Images.xcassets in Resources */ = {isa = PBXBuildFile; fileRef = 48A7E7F119AAE5B8000A90B8 /* Images.xcassets */; };
		48A7E7F919AAE5B8000A90B8 /* XCTest.framework in Frameworks */ = {isa = PBXBuildFile; fileRef = 48A7E7F819AAE5B8000A90B8 /* XCTest.framework */; };
		48A7E7FA19AAE5B8000A90B8 /* Foundation.framework in Frameworks */ = {isa = PBXBuildFile; fileRef = 48A7E7D919AAE5B8000A90B8 /* Foundation.framework */; };
		48A7E7FB19AAE5B8000A90B8 /* UIKit.framework in Frameworks */ = {isa = PBXBuildFile; fileRef = 48A7E7DD19AAE5B8000A90B8 /* UIKit.framework */; };
		48A7E80319AAE5B8000A90B8 /* InfoPlist.strings in Resources */ = {isa = PBXBuildFile; fileRef = 48A7E80119AAE5B8000A90B8 /* InfoPlist.strings */; };
		48A7E80519AAE5B8000A90B8 /* TestGAPictureAPITests.m in Sources */ = {isa = PBXBuildFile; fileRef = 48A7E80419AAE5B8000A90B8 /* TestGAPictureAPITests.m */; };
		48A7E80F19AAE67A000A90B8 /* FacebookSDK.framework in Frameworks */ = {isa = PBXBuildFile; fileRef = 48A7E80E19AAE67A000A90B8 /* FacebookSDK.framework */; };
		48A7E81219AAEDCC000A90B8 /* ShareFBViewController.m in Sources */ = {isa = PBXBuildFile; fileRef = 48A7E81119AAEDCC000A90B8 /* ShareFBViewController.m */; };
		48A7E81519AC3DD9000A90B8 /* GrantFBViewController.m in Sources */ = {isa = PBXBuildFile; fileRef = 48A7E81419AC3DD9000A90B8 /* GrantFBViewController.m */; };
/* End PBXBuildFile section */

/* Begin PBXContainerItemProxy section */
		48A7E7FC19AAE5B8000A90B8 /* PBXContainerItemProxy */ = {
			isa = PBXContainerItemProxy;
			containerPortal = 48A7E7CE19AAE5B8000A90B8 /* Project object */;
			proxyType = 1;
			remoteGlobalIDString = 48A7E7D519AAE5B8000A90B8;
			remoteInfo = TestGAPictureAPI;
		};
/* End PBXContainerItemProxy section */

/* Begin PBXFileReference section */
		4836255719AEEAE700E18A4A /* FACEBOOK-ObjectGraph-Guide.png */ = {isa = PBXFileReference; lastKnownFileType = image.png; path = "FACEBOOK-ObjectGraph-Guide.png"; sourceTree = "<group>"; };
		4836255919AEF25800E18A4A /* SocialPluginViewController.h */ = {isa = PBXFileReference; fileEncoding = 4; lastKnownFileType = sourcecode.c.h; path = SocialPluginViewController.h; sourceTree = "<group>"; };
		4836255A19AEF25800E18A4A /* SocialPluginViewController.m */ = {isa = PBXFileReference; fileEncoding = 4; lastKnownFileType = sourcecode.c.objc; path = SocialPluginViewController.m; sourceTree = "<group>"; };
		48A7E7D619AAE5B8000A90B8 /* TestGAPictureAPI.app */ = {isa = PBXFileReference; explicitFileType = wrapper.application; includeInIndex = 0; path = TestGAPictureAPI.app; sourceTree = BUILT_PRODUCTS_DIR; };
		48A7E7D919AAE5B8000A90B8 /* Foundation.framework */ = {isa = PBXFileReference; lastKnownFileType = wrapper.framework; name = Foundation.framework; path = System/Library/Frameworks/Foundation.framework; sourceTree = SDKROOT; };
		48A7E7DB19AAE5B8000A90B8 /* CoreGraphics.framework */ = {isa = PBXFileReference; lastKnownFileType = wrapper.framework; name = CoreGraphics.framework; path = System/Library/Frameworks/CoreGraphics.framework; sourceTree = SDKROOT; };
		48A7E7DD19AAE5B8000A90B8 /* UIKit.framework */ = {isa = PBXFileReference; lastKnownFileType = wrapper.framework; name = UIKit.framework; path = System/Library/Frameworks/UIKit.framework; sourceTree = SDKROOT; };
		48A7E7E119AAE5B8000A90B8 /* TestGAPictureAPI-Info.plist */ = {isa = PBXFileReference; lastKnownFileType = text.plist.xml; path = "TestGAPictureAPI-Info.plist"; sourceTree = "<group>"; };
		48A7E7E319AAE5B8000A90B8 /* en */ = {isa = PBXFileReference; lastKnownFileType = text.plist.strings; name = en; path = en.lproj/InfoPlist.strings; sourceTree = "<group>"; };
		48A7E7E519AAE5B8000A90B8 /* main.m */ = {isa = PBXFileReference; lastKnownFileType = sourcecode.c.objc; path = main.m; sourceTree = "<group>"; };
		48A7E7E719AAE5B8000A90B8 /* TestGAPictureAPI-Prefix.pch */ = {isa = PBXFileReference; lastKnownFileType = sourcecode.c.h; path = "TestGAPictureAPI-Prefix.pch"; sourceTree = "<group>"; };
		48A7E7E819AAE5B8000A90B8 /* AppDelegate.h */ = {isa = PBXFileReference; lastKnownFileType = sourcecode.c.h; path = AppDelegate.h; sourceTree = "<group>"; };
		48A7E7E919AAE5B8000A90B8 /* AppDelegate.m */ = {isa = PBXFileReference; lastKnownFileType = sourcecode.c.objc; path = AppDelegate.m; sourceTree = "<group>"; };
		48A7E7EC19AAE5B8000A90B8 /* Base */ = {isa = PBXFileReference; lastKnownFileType = file.storyboard; name = Base; path = Base.lproj/Main.storyboard; sourceTree = "<group>"; };
		48A7E7EE19AAE5B8000A90B8 /* ViewController.h */ = {isa = PBXFileReference; lastKnownFileType = sourcecode.c.h; path = ViewController.h; sourceTree = "<group>"; };
		48A7E7EF19AAE5B8000A90B8 /* ViewController.m */ = {isa = PBXFileReference; lastKnownFileType = sourcecode.c.objc; path = ViewController.m; sourceTree = "<group>"; };
		48A7E7F119AAE5B8000A90B8 /* Images.xcassets */ = {isa = PBXFileReference; lastKnownFileType = folder.assetcatalog; path = Images.xcassets; sourceTree = "<group>"; };
		48A7E7F719AAE5B8000A90B8 /* TestGAPictureAPITests.xctest */ = {isa = PBXFileReference; explicitFileType = wrapper.cfbundle; includeInIndex = 0; path = TestGAPictureAPITests.xctest; sourceTree = BUILT_PRODUCTS_DIR; };
		48A7E7F819AAE5B8000A90B8 /* XCTest.framework */ = {isa = PBXFileReference; lastKnownFileType = wrapper.framework; name = XCTest.framework; path = Library/Frameworks/XCTest.framework; sourceTree = DEVELOPER_DIR; };
		48A7E80019AAE5B8000A90B8 /* TestGAPictureAPITests-Info.plist */ = {isa = PBXFileReference; lastKnownFileType = text.plist.xml; path = "TestGAPictureAPITests-Info.plist"; sourceTree = "<group>"; };
		48A7E80219AAE5B8000A90B8 /* en */ = {isa = PBXFileReference; lastKnownFileType = text.plist.strings; name = en; path = en.lproj/InfoPlist.strings; sourceTree = "<group>"; };
		48A7E80419AAE5B8000A90B8 /* TestGAPictureAPITests.m */ = {isa = PBXFileReference; lastKnownFileType = sourcecode.c.objc; path = TestGAPictureAPITests.m; sourceTree = "<group>"; };
		48A7E80E19AAE67A000A90B8 /* FacebookSDK.framework */ = {isa = PBXFileReference; lastKnownFileType = wrapper.framework; path = FacebookSDK.framework; sourceTree = "<group>"; };
		48A7E81019AAEDCC000A90B8 /* ShareFBViewController.h */ = {isa = PBXFileReference; fileEncoding = 4; lastKnownFileType = sourcecode.c.h; path = ShareFBViewController.h; sourceTree = "<group>"; };
		48A7E81119AAEDCC000A90B8 /* ShareFBViewController.m */ = {isa = PBXFileReference; fileEncoding = 4; lastKnownFileType = sourcecode.c.objc; path = ShareFBViewController.m; sourceTree = "<group>"; };
		48A7E81319AC3DD9000A90B8 /* GrantFBViewController.h */ = {isa = PBXFileReference; fileEncoding = 4; lastKnownFileType = sourcecode.c.h; path = GrantFBViewController.h; sourceTree = "<group>"; };
		48A7E81419AC3DD9000A90B8 /* GrantFBViewController.m */ = {isa = PBXFileReference; fileEncoding = 4; lastKnownFileType = sourcecode.c.objc; path = GrantFBViewController.m; sourceTree = "<group>"; };
/* End PBXFileReference section */

/* Begin PBXFrameworksBuildPhase section */
		48A7E7D319AAE5B8000A90B8 /* Frameworks */ = {
			isa = PBXFrameworksBuildPhase;
			buildActionMask = 2147483647;
			files = (
				48A7E7DC19AAE5B8000A90B8 /* CoreGraphics.framework in Frameworks */,
				48A7E80F19AAE67A000A90B8 /* FacebookSDK.framework in Frameworks */,
				48A7E7DE19AAE5B8000A90B8 /* UIKit.framework in Frameworks */,
				48A7E7DA19AAE5B8000A90B8 /* Foundation.framework in Frameworks */,
			);
			runOnlyForDeploymentPostprocessing = 0;
		};
		48A7E7F419AAE5B8000A90B8 /* Frameworks */ = {
			isa = PBXFrameworksBuildPhase;
			buildActionMask = 2147483647;
			files = (
				48A7E7F919AAE5B8000A90B8 /* XCTest.framework in Frameworks */,
				48A7E7FB19AAE5B8000A90B8 /* UIKit.framework in Frameworks */,
				48A7E7FA19AAE5B8000A90B8 /* Foundation.framework in Frameworks */,
			);
			runOnlyForDeploymentPostprocessing = 0;
		};
/* End PBXFrameworksBuildPhase section */

/* Begin PBXGroup section */
		48A7E7CD19AAE5B8000A90B8 = {
			isa = PBXGroup;
			children = (
				4836255719AEEAE700E18A4A /* FACEBOOK-ObjectGraph-Guide.png */,
				48A7E7DF19AAE5B8000A90B8 /* TestGAPictureAPI */,
				48A7E7FE19AAE5B8000A90B8 /* TestGAPictureAPITests */,
				48A7E7D819AAE5B8000A90B8 /* Frameworks */,
				48A7E7D719AAE5B8000A90B8 /* Products */,
			);
			sourceTree = "<group>";
		};
		48A7E7D719AAE5B8000A90B8 /* Products */ = {
			isa = PBXGroup;
			children = (
				48A7E7D619AAE5B8000A90B8 /* TestGAPictureAPI.app */,
				48A7E7F719AAE5B8000A90B8 /* TestGAPictureAPITests.xctest */,
			);
			name = Products;
			sourceTree = "<group>";
		};
		48A7E7D819AAE5B8000A90B8 /* Frameworks */ = {
			isa = PBXGroup;
			children = (
				48A7E80E19AAE67A000A90B8 /* FacebookSDK.framework */,
				48A7E7D919AAE5B8000A90B8 /* Foundation.framework */,
				48A7E7DB19AAE5B8000A90B8 /* CoreGraphics.framework */,
				48A7E7DD19AAE5B8000A90B8 /* UIKit.framework */,
				48A7E7F819AAE5B8000A90B8 /* XCTest.framework */,
			);
			name = Frameworks;
			sourceTree = "<group>";
		};
		48A7E7DF19AAE5B8000A90B8 /* TestGAPictureAPI */ = {
			isa = PBXGroup;
			children = (
				48A7E7E819AAE5B8000A90B8 /* AppDelegate.h */,
				48A7E7E919AAE5B8000A90B8 /* AppDelegate.m */,
				48A7E7EB19AAE5B8000A90B8 /* Main.storyboard */,
				48A7E7EE19AAE5B8000A90B8 /* ViewController.h */,
				48A7E7EF19AAE5B8000A90B8 /* ViewController.m */,
				48A7E7F119AAE5B8000A90B8 /* Images.xcassets */,
				48A7E7E019AAE5B8000A90B8 /* Supporting Files */,
				48A7E81019AAEDCC000A90B8 /* ShareFBViewController.h */,
				48A7E81119AAEDCC000A90B8 /* ShareFBViewController.m */,
				48A7E81319AC3DD9000A90B8 /* GrantFBViewController.h */,
				48A7E81419AC3DD9000A90B8 /* GrantFBViewController.m */,
				4836255919AEF25800E18A4A /* SocialPluginViewController.h */,
				4836255A19AEF25800E18A4A /* SocialPluginViewController.m */,
			);
			path = TestGAPictureAPI;
			sourceTree = "<group>";
		};
		48A7E7E019AAE5B8000A90B8 /* Supporting Files */ = {
			isa = PBXGroup;
			children = (
				48A7E7E119AAE5B8000A90B8 /* TestGAPictureAPI-Info.plist */,
				48A7E7E219AAE5B8000A90B8 /* InfoPlist.strings */,
				48A7E7E519AAE5B8000A90B8 /* main.m */,
				48A7E7E719AAE5B8000A90B8 /* TestGAPictureAPI-Prefix.pch */,
			);
			name = "Supporting Files";
			sourceTree = "<group>";
		};
		48A7E7FE19AAE5B8000A90B8 /* TestGAPictureAPITests */ = {
			isa = PBXGroup;
			children = (
				48A7E80419AAE5B8000A90B8 /* TestGAPictureAPITests.m */,
				48A7E7FF19AAE5B8000A90B8 /* Supporting Files */,
			);
			path = TestGAPictureAPITests;
			sourceTree = "<group>";
		};
		48A7E7FF19AAE5B8000A90B8 /* Supporting Files */ = {
			isa = PBXGroup;
			children = (
				48A7E80019AAE5B8000A90B8 /* TestGAPictureAPITests-Info.plist */,
				48A7E80119AAE5B8000A90B8 /* InfoPlist.strings */,
			);
			name = "Supporting Files";
			sourceTree = "<group>";
		};
/* End PBXGroup section */

/* Begin PBXNativeTarget section */
		48A7E7D519AAE5B8000A90B8 /* TestGAPictureAPI */ = {
			isa = PBXNativeTarget;
			buildConfigurationList = 48A7E80819AAE5B8000A90B8 /* Build configuration list for PBXNativeTarget "TestGAPictureAPI" */;
			buildPhases = (
				48A7E7D219AAE5B8000A90B8 /* Sources */,
				48A7E7D319AAE5B8000A90B8 /* Frameworks */,
				48A7E7D419AAE5B8000A90B8 /* Resources */,
			);
			buildRules = (
			);
			dependencies = (
			);
			name = TestGAPictureAPI;
			productName = TestGAPictureAPI;
			productReference = 48A7E7D619AAE5B8000A90B8 /* TestGAPictureAPI.app */;
			productType = "com.apple.product-type.application";
		};
		48A7E7F619AAE5B8000A90B8 /* TestGAPictureAPITests */ = {
			isa = PBXNativeTarget;
			buildConfigurationList = 48A7E80B19AAE5B8000A90B8 /* Build configuration list for PBXNativeTarget "TestGAPictureAPITests" */;
			buildPhases = (
				48A7E7F319AAE5B8000A90B8 /* Sources */,
				48A7E7F419AAE5B8000A90B8 /* Frameworks */,
				48A7E7F519AAE5B8000A90B8 /* Resources */,
			);
			buildRules = (
			);
			dependencies = (
				48A7E7FD19AAE5B8000A90B8 /* PBXTargetDependency */,
			);
			name = TestGAPictureAPITests;
			productName = TestGAPictureAPITests;
			productReference = 48A7E7F719AAE5B8000A90B8 /* TestGAPictureAPITests.xctest */;
			productType = "com.apple.product-type.bundle.unit-test";
		};
/* End PBXNativeTarget section */

/* Begin PBXProject section */
		48A7E7CE19AAE5B8000A90B8 /* Project object */ = {
			isa = PBXProject;
			attributes = {
				LastUpgradeCheck = 0510;
				ORGANIZATIONNAME = SAP;
				TargetAttributes = {
					48A7E7F619AAE5B8000A90B8 = {
						TestTargetID = 48A7E7D519AAE5B8000A90B8;
					};
				};
			};
			buildConfigurationList = 48A7E7D119AAE5B8000A90B8 /* Build configuration list for PBXProject "TestGAPictureAPI" */;
			compatibilityVersion = "Xcode 3.2";
			developmentRegion = English;
			hasScannedForEncodings = 0;
			knownRegions = (
				en,
				Base,
			);
			mainGroup = 48A7E7CD19AAE5B8000A90B8;
			productRefGroup = 48A7E7D719AAE5B8000A90B8 /* Products */;
			projectDirPath = "";
			projectRoot = "";
			targets = (
				48A7E7D519AAE5B8000A90B8 /* TestGAPictureAPI */,
				48A7E7F619AAE5B8000A90B8 /* TestGAPictureAPITests */,
			);
		};
/* End PBXProject section */

/* Begin PBXResourcesBuildPhase section */
		48A7E7D419AAE5B8000A90B8 /* Resources */ = {
			isa = PBXResourcesBuildPhase;
			buildActionMask = 2147483647;
			files = (
				4836255819AEEAE700E18A4A /* FACEBOOK-ObjectGraph-Guide.png in Resources */,
				48A7E7F219AAE5B8000A90B8 /* Images.xcassets in Resources */,
				48A7E7E419AAE5B8000A90B8 /* InfoPlist.strings in Resources */,
				48A7E7ED19AAE5B8000A90B8 /* Main.storyboard in Resources */,
			);
			runOnlyForDeploymentPostprocessing = 0;
		};
		48A7E7F519AAE5B8000A90B8 /* Resources */ = {
			isa = PBXResourcesBuildPhase;
			buildActionMask = 2147483647;
			files = (
				48A7E80319AAE5B8000A90B8 /* InfoPlist.strings in Resources */,
			);
			runOnlyForDeploymentPostprocessing = 0;
		};
/* End PBXResourcesBuildPhase section */

/* Begin PBXSourcesBuildPhase section */
		48A7E7D219AAE5B8000A90B8 /* Sources */ = {
			isa = PBXSourcesBuildPhase;
			buildActionMask = 2147483647;
			files = (
				4836255B19AEF25800E18A4A /* SocialPluginViewController.m in Sources */,
				48A7E81219AAEDCC000A90B8 /* ShareFBViewController.m in Sources */,
				48A7E7F019AAE5B8000A90B8 /* ViewController.m in Sources */,
				48A7E7EA19AAE5B8000A90B8 /* AppDelegate.m in Sources */,
				48A7E81519AC3DD9000A90B8 /* GrantFBViewController.m in Sources */,
				48A7E7E619AAE5B8000A90B8 /* main.m in Sources */,
			);
			runOnlyForDeploymentPostprocessing = 0;
		};
		48A7E7F319AAE5B8000A90B8 /* Sources */ = {
			isa = PBXSourcesBuildPhase;
			buildActionMask = 2147483647;
			files = (
				48A7E80519AAE5B8000A90B8 /* TestGAPictureAPITests.m in Sources */,
			);
			runOnlyForDeploymentPostprocessing = 0;
		};
/* End PBXSourcesBuildPhase section */

/* Begin PBXTargetDependency section */
		48A7E7FD19AAE5B8000A90B8 /* PBXTargetDependency */ = {
			isa = PBXTargetDependency;
			target = 48A7E7D519AAE5B8000A90B8 /* TestGAPictureAPI */;
			targetProxy = 48A7E7FC19AAE5B8000A90B8 /* PBXContainerItemProxy */;
		};
/* End PBXTargetDependency section */

/* Begin PBXVariantGroup section */
		48A7E7E219AAE5B8000A90B8 /* InfoPlist.strings */ = {
			isa = PBXVariantGroup;
			children = (
				48A7E7E319AAE5B8000A90B8 /* en */,
			);
			name = InfoPlist.strings;
			sourceTree = "<group>";
		};
		48A7E7EB19AAE5B8000A90B8 /* Main.storyboard */ = {
			isa = PBXVariantGroup;
			children = (
				48A7E7EC19AAE5B8000A90B8 /* Base */,
			);
			name = Main.storyboard;
			sourceTree = "<group>";
		};
		48A7E80119AAE5B8000A90B8 /* InfoPlist.strings */ = {
			isa = PBXVariantGroup;
			children = (
				48A7E80219AAE5B8000A90B8 /* en */,
			);
			name = InfoPlist.strings;
			sourceTree = "<group>";
		};
/* End PBXVariantGroup section */

/* Begin XCBuildConfiguration section */
		48A7E80619AAE5B8000A90B8 /* Debug */ = {
			isa = XCBuildConfiguration;
			buildSettings = {
				ALWAYS_SEARCH_USER_PATHS = NO;
				CLANG_CXX_LANGUAGE_STANDARD = "gnu++0x";
				CLANG_CXX_LIBRARY = "libc++";
				CLANG_ENABLE_MODULES = YES;
				CLANG_ENABLE_OBJC_ARC = YES;
				CLANG_WARN_BOOL_CONVERSION = YES;
				CLANG_WARN_CONSTANT_CONVERSION = YES;
				CLANG_WARN_DIRECT_OBJC_ISA_USAGE = YES_ERROR;
				CLANG_WARN_EMPTY_BODY = YES;
				CLANG_WARN_ENUM_CONVERSION = YES;
				CLANG_WARN_INT_CONVERSION = YES;
				CLANG_WARN_OBJC_ROOT_CLASS = YES_ERROR;
				CLANG_WARN__DUPLICATE_METHOD_MATCH = YES;
				"CODE_SIGN_IDENTITY[sdk=iphoneos*]" = "iPhone Developer";
				COPY_PHASE_STRIP = NO;
				GCC_C_LANGUAGE_STANDARD = gnu99;
				GCC_DYNAMIC_NO_PIC = NO;
				GCC_OPTIMIZATION_LEVEL = 0;
				GCC_PREPROCESSOR_DEFINITIONS = (
					"DEBUG=1",
					"$(inherited)",
				);
				GCC_SYMBOLS_PRIVATE_EXTERN = NO;
				GCC_WARN_64_TO_32_BIT_CONVERSION = YES;
				GCC_WARN_ABOUT_RETURN_TYPE = YES_ERROR;
				GCC_WARN_UNDECLARED_SELECTOR = YES;
				GCC_WARN_UNINITIALIZED_AUTOS = YES_AGGRESSIVE;
				GCC_WARN_UNUSED_FUNCTION = YES;
				GCC_WARN_UNUSED_VARIABLE = YES;
				IPHONEOS_DEPLOYMENT_TARGET = 7.0;
				ONLY_ACTIVE_ARCH = YES;
				PROVISIONING_PROFILE = "b7a355c6-b8f8-49d1-a96d-0d3b33c7f167";
				SDKROOT = iphoneos;
			};
			name = Debug;
		};
		48A7E80719AAE5B8000A90B8 /* Release */ = {
			isa = XCBuildConfiguration;
			buildSettings = {
				ALWAYS_SEARCH_USER_PATHS = NO;
				CLANG_CXX_LANGUAGE_STANDARD = "gnu++0x";
				CLANG_CXX_LIBRARY = "libc++";
				CLANG_ENABLE_MODULES = YES;
				CLANG_ENABLE_OBJC_ARC = YES;
				CLANG_WARN_BOOL_CONVERSION = YES;
				CLANG_WARN_CONSTANT_CONVERSION = YES;
				CLANG_WARN_DIRECT_OBJC_ISA_USAGE = YES_ERROR;
				CLANG_WARN_EMPTY_BODY = YES;
				CLANG_WARN_ENUM_CONVERSION = YES;
				CLANG_WARN_INT_CONVERSION = YES;
				CLANG_WARN_OBJC_ROOT_CLASS = YES_ERROR;
				CLANG_WARN__DUPLICATE_METHOD_MATCH = YES;
				"CODE_SIGN_IDENTITY[sdk=iphoneos*]" = "iPhone Developer";
				COPY_PHASE_STRIP = YES;
				ENABLE_NS_ASSERTIONS = NO;
				GCC_C_LANGUAGE_STANDARD = gnu99;
				GCC_WARN_64_TO_32_BIT_CONVERSION = YES;
				GCC_WARN_ABOUT_RETURN_TYPE = YES_ERROR;
				GCC_WARN_UNDECLARED_SELECTOR = YES;
				GCC_WARN_UNINITIALIZED_AUTOS = YES_AGGRESSIVE;
				GCC_WARN_UNUSED_FUNCTION = YES;
				GCC_WARN_UNUSED_VARIABLE = YES;
				IPHONEOS_DEPLOYMENT_TARGET = 7.0;
				PROVISIONING_PROFILE = "b7a355c6-b8f8-49d1-a96d-0d3b33c7f167";
				SDKROOT = iphoneos;
				VALIDATE_PRODUCT = YES;
			};
			name = Release;
		};
		48A7E80919AAE5B8000A90B8 /* Debug */ = {
			isa = XCBuildConfiguration;
			buildSettings = {
				ASSETCATALOG_COMPILER_APPICON_NAME = AppIcon;
				ASSETCATALOG_COMPILER_LAUNCHIMAGE_NAME = LaunchImage;
				FRAMEWORK_SEARCH_PATHS = (
					"$(inherited)",
					"$(PROJECT_DIR)",
				);
				GCC_PRECOMPILE_PREFIX_HEADER = YES;
				GCC_PREFIX_HEADER = "TestGAPictureAPI/TestGAPictureAPI-Prefix.pch";
				INFOPLIST_FILE = "TestGAPictureAPI/TestGAPictureAPI-Info.plist";
				PRODUCT_NAME = "$(TARGET_NAME)";
				PROVISIONING_PROFILE = "b7a355c6-b8f8-49d1-a96d-0d3b33c7f167";
				WRAPPER_EXTENSION = app;
			};
			name = Debug;
		};
		48A7E80A19AAE5B8000A90B8 /* Release */ = {
			isa = XCBuildConfiguration;
			buildSettings = {
				ASSETCATALOG_COMPILER_APPICON_NAME = AppIcon;
				ASSETCATALOG_COMPILER_LAUNCHIMAGE_NAME = LaunchImage;
				FRAMEWORK_SEARCH_PATHS = (
					"$(inherited)",
					"$(PROJECT_DIR)",
				);
				GCC_PRECOMPILE_PREFIX_HEADER = YES;
				GCC_PREFIX_HEADER = "TestGAPictureAPI/TestGAPictureAPI-Prefix.pch";
				INFOPLIST_FILE = "TestGAPictureAPI/TestGAPictureAPI-Info.plist";
				PRODUCT_NAME = "$(TARGET_NAME)";
				PROVISIONING_PROFILE = "b7a355c6-b8f8-49d1-a96d-0d3b33c7f167";
				WRAPPER_EXTENSION = app;
			};
			name = Release;
		};
		48A7E80C19AAE5B8000A90B8 /* Debug */ = {
			isa = XCBuildConfiguration;
			buildSettings = {
				BUNDLE_LOADER = "$(BUILT_PRODUCTS_DIR)/TestGAPictureAPI.app/TestGAPictureAPI";
				FRAMEWORK_SEARCH_PATHS = (
					"$(SDKROOT)/Developer/Library/Frameworks",
					"$(inherited)",
					"$(DEVELOPER_FRAMEWORKS_DIR)",
				);
				GCC_PRECOMPILE_PREFIX_HEADER = YES;
				GCC_PREFIX_HEADER = "TestGAPictureAPI/TestGAPictureAPI-Prefix.pch";
				GCC_PREPROCESSOR_DEFINITIONS = (
					"DEBUG=1",
					"$(inherited)",
				);
				INFOPLIST_FILE = "TestGAPictureAPITests/TestGAPictureAPITests-Info.plist";
				PRODUCT_NAME = "$(TARGET_NAME)";
				TEST_HOST = "$(BUNDLE_LOADER)";
				WRAPPER_EXTENSION = xctest;
			};
			name = Debug;
		};
		48A7E80D19AAE5B8000A90B8 /* Release */ = {
			isa = XCBuildConfiguration;
			buildSettings = {
				BUNDLE_LOADER = "$(BUILT_PRODUCTS_DIR)/TestGAPictureAPI.app/TestGAPictureAPI";
				FRAMEWORK_SEARCH_PATHS = (
					"$(SDKROOT)/Developer/Library/Frameworks",
					"$(inherited)",
					"$(DEVELOPER_FRAMEWORKS_DIR)",
				);
				GCC_PRECOMPILE_PREFIX_HEADER = YES;
				GCC_PREFIX_HEADER = "TestGAPictureAPI/TestGAPictureAPI-Prefix.pch";
				INFOPLIST_FILE = "TestGAPictureAPITests/TestGAPictureAPITests-Info.plist";
				PRODUCT_NAME = "$(TARGET_NAME)";
				TEST_HOST = "$(BUNDLE_LOADER)";
				WRAPPER_EXTENSION = xctest;
			};
			name = Release;
		};
/* End XCBuildConfiguration section */

/* Begin XCConfigurationList section */
		48A7E7D119AAE5B8000A90B8 /* Build configuration list for PBXProject "TestGAPictureAPI" */ = {
			isa = XCConfigurationList;
			buildConfigurations = (
				48A7E80619AAE5B8000A90B8 /* Debug */,
				48A7E80719AAE5B8000A90B8 /* Release */,
			);
			defaultConfigurationIsVisible = 0;
			defaultConfigurationName = Release;
		};
		48A7E80819AAE5B8000A90B8 /* Build configuration list for PBXNativeTarget "TestGAPictureAPI" */ = {
			isa = XCConfigurationList;
			buildConfigurations = (
				48A7E80919AAE5B8000A90B8 /* Debug */,
				48A7E80A19AAE5B8000A90B8 /* Release */,
			);
			defaultConfigurationIsVisible = 0;
			defaultConfigurationName = Release;
		};
		48A7E80B19AAE5B8000A90B8 /* Build configuration list for PBXNativeTarget "TestGAPictureAPITests" */ = {
			isa = XCConfigurationList;
			buildConfigurations = (
				48A7E80C19AAE5B8000A90B8 /* Debug */,
				48A7E80D19AAE5B8000A90B8 /* Release */,
			);
			defaultConfigurationIsVisible = 0;
			defaultConfigurationName = Release;
		};
/* End XCConfigurationList section */
	};
	rootObject = 48A7E7CE19AAE5B8000A90B8 /* Project object */;
}
